
Microsoft Visual Studio Solution File, Format Version 12.00
# Visual Studio Version 17
VisualStudioVersion = 17.13.35828.75
MinimumVisualStudioVersion = 10.0.40219.1
Project("{FAE04EC0-301F-11D3-BF4B-00C04F79EFBC}") = "StudyHub.Backend.Domain", "StudyHub.Backend.Domain\StudyHub.Backend.Domain.csproj", "{D1D545B9-BF16-4E8F-A6D3-4233FB6B0BB1}"
EndProject
Project("{FAE04EC0-301F-11D3-BF4B-00C04F79EFBC}") = "StudyHub.Backend.UseCases", "StudyHub.Backend.UseCases\StudyHub.Backend.UseCases.csproj", "{D46A88D2-513C-44AF-9C2A-73F7E8571747}"
EndProject
Project("{FAE04EC0-301F-11D3-BF4B-00C04F79EFBC}") = "StudyHub.Backend.Infrastructure", "StudyHub.Backend.Infrastructure\StudyHub.Backend.Infrastructure.csproj", "{118F901D-E4D3-421B-AF47-75BC043251EC}"
EndProject
Project("{FAE04EC0-301F-11D3-BF4B-00C04F79EFBC}") = "StudyHub.Backend.Api", "StudyHub.Backend.Api\StudyHub.Backend.Api.csproj", "{01892759-94B9-4085-A258-2E5097B698ED}"
EndProject
Project("{FAE04EC0-301F-11D3-BF4B-00C04F79EFBC}") = "StudyHub.Backend.Infrastructure.MongoDb", "StudyHub.Backend.Infrastructure.MongoDb\StudyHub.Backend.Infrastructure.MongoDb.csproj", "{BD3905F5-FC94-4AD1-807F-E0A10EAF1EA1}"
EndProject
Project("{FAE04EC0-301F-11D3-BF4B-00C04F79EFBC}") = "StudyHub.Backend.UseCases.Tests", "StudyHub.Backend.UseCases.Tests\StudyHub.Backend.UseCases.Tests.csproj", "{F297BFBE-EE0D-4BD2-A23F-03D3C278024D}"
EndProject
Global
	GlobalSection(SolutionConfigurationPlatforms) = preSolution
		Debug|Any CPU = Debug|Any CPU
		Debug|x64 = Debug|x64
		Debug|x86 = Debug|x86
		Release|Any CPU = Release|Any CPU
		Release|x64 = Release|x64
		Release|x86 = Release|x86
	EndGlobalSection
	GlobalSection(ProjectConfigurationPlatforms) = postSolution
		{D1D545B9-BF16-4E8F-A6D3-4233FB6B0BB1}.Debug|Any CPU.ActiveCfg = Debug|Any CPU
		{D1D545B9-BF16-4E8F-A6D3-4233FB6B0BB1}.Debug|Any CPU.Build.0 = Debug|Any CPU
		{D1D545B9-BF16-4E8F-A6D3-4233FB6B0BB1}.Debug|x64.ActiveCfg = Debug|Any CPU
		{D1D545B9-BF16-4E8F-A6D3-4233FB6B0BB1}.Debug|x64.Build.0 = Debug|Any CPU
		{D1D545B9-BF16-4E8F-A6D3-4233FB6B0BB1}.Debug|x86.ActiveCfg = Debug|Any CPU
		{D1D545B9-BF16-4E8F-A6D3-4233FB6B0BB1}.Debug|x86.Build.0 = Debug|Any CPU
		{D1D545B9-BF16-4E8F-A6D3-4233FB6B0BB1}.Release|Any CPU.ActiveCfg = Release|Any CPU
		{D1D545B9-BF16-4E8F-A6D3-4233FB6B0BB1}.Release|Any CPU.Build.0 = Release|Any CPU
		{D1D545B9-BF16-4E8F-A6D3-4233FB6B0BB1}.Release|x64.ActiveCfg = Release|Any CPU
		{D1D545B9-BF16-4E8F-A6D3-4233FB6B0BB1}.Release|x64.Build.0 = Release|Any CPU
		{D1D545B9-BF16-4E8F-A6D3-4233FB6B0BB1}.Release|x86.ActiveCfg = Release|Any CPU
		{D1D545B9-BF16-4E8F-A6D3-4233FB6B0BB1}.Release|x86.Build.0 = Release|Any CPU
		{D46A88D2-513C-44AF-9C2A-73F7E8571747}.Debug|Any CPU.ActiveCfg = Debug|Any CPU
		{D46A88D2-513C-44AF-9C2A-73F7E8571747}.Debug|Any CPU.Build.0 = Debug|Any CPU
		{D46A88D2-513C-44AF-9C2A-73F7E8571747}.Debug|x64.ActiveCfg = Debug|Any CPU
		{D46A88D2-513C-44AF-9C2A-73F7E8571747}.Debug|x64.Build.0 = Debug|Any CPU
		{D46A88D2-513C-44AF-9C2A-73F7E8571747}.Debug|x86.ActiveCfg = Debug|Any CPU
		{D46A88D2-513C-44AF-9C2A-73F7E8571747}.Debug|x86.Build.0 = Debug|Any CPU
		{D46A88D2-513C-44AF-9C2A-73F7E8571747}.Release|Any CPU.ActiveCfg = Release|Any CPU
		{D46A88D2-513C-44AF-9C2A-73F7E8571747}.Release|Any CPU.Build.0 = Release|Any CPU
		{D46A88D2-513C-44AF-9C2A-73F7E8571747}.Release|x64.ActiveCfg = Release|Any CPU
		{D46A88D2-513C-44AF-9C2A-73F7E8571747}.Release|x64.Build.0 = Release|Any CPU
		{D46A88D2-513C-44AF-9C2A-73F7E8571747}.Release|x86.ActiveCfg = Release|Any CPU
		{D46A88D2-513C-44AF-9C2A-73F7E8571747}.Release|x86.Build.0 = Release|Any CPU
		{118F901D-E4D3-421B-AF47-75BC043251EC}.Debug|Any CPU.ActiveCfg = Debug|Any CPU
		{118F901D-E4D3-421B-AF47-75BC043251EC}.Debug|Any CPU.Build.0 = Debug|Any CPU
		{118F901D-E4D3-421B-AF47-75BC043251EC}.Debug|x64.ActiveCfg = Debug|Any CPU
		{118F901D-E4D3-421B-AF47-75BC043251EC}.Debug|x64.Build.0 = Debug|Any CPU
		{118F901D-E4D3-421B-AF47-75BC043251EC}.Debug|x86.ActiveCfg = Debug|Any CPU
		{118F901D-E4D3-421B-AF47-75BC043251EC}.Debug|x86.Build.0 = Debug|Any CPU
		{118F901D-E4D3-421B-AF47-75BC043251EC}.Release|Any CPU.ActiveCfg = Release|Any CPU
		{118F901D-E4D3-421B-AF47-75BC043251EC}.Release|Any CPU.Build.0 = Release|Any CPU
		{118F901D-E4D3-421B-AF47-75BC043251EC}.Release|x64.ActiveCfg = Release|Any CPU
		{118F901D-E4D3-421B-AF47-75BC043251EC}.Release|x64.Build.0 = Release|Any CPU
		{118F901D-E4D3-421B-AF47-75BC043251EC}.Release|x86.ActiveCfg = Release|Any CPU
		{118F901D-E4D3-421B-AF47-75BC043251EC}.Release|x86.Build.0 = Release|Any CPU
		{01892759-94B9-4085-A258-2E5097B698ED}.Debug|Any CPU.ActiveCfg = Debug|Any CPU
		{01892759-94B9-4085-A258-2E5097B698ED}.Debug|Any CPU.Build.0 = Debug|Any CPU
		{01892759-94B9-4085-A258-2E5097B698ED}.Debug|x64.ActiveCfg = Debug|Any CPU
		{01892759-94B9-4085-A258-2E5097B698ED}.Debug|x64.Build.0 = Debug|Any CPU
		{01892759-94B9-4085-A258-2E5097B698ED}.Debug|x86.ActiveCfg = Debug|Any CPU
		{01892759-94B9-4085-A258-2E5097B698ED}.Debug|x86.Build.0 = Debug|Any CPU
		{01892759-94B9-4085-A258-2E5097B698ED}.Release|Any CPU.ActiveCfg = Release|Any CPU
		{01892759-94B9-4085-A258-2E5097B698ED}.Release|Any CPU.Build.0 = Release|Any CPU
		{01892759-94B9-4085-A258-2E5097B698ED}.Release|x64.ActiveCfg = Release|Any CPU
		{01892759-94B9-4085-A258-2E5097B698ED}.Release|x64.Build.0 = Release|Any CPU
		{01892759-94B9-4085-A258-2E5097B698ED}.Release|x86.ActiveCfg = Release|Any CPU
		{01892759-94B9-4085-A258-2E5097B698ED}.Release|x86.Build.0 = Release|Any CPU
		{BD3905F5-FC94-4AD1-807F-E0A10EAF1EA1}.Debug|Any CPU.ActiveCfg = Debug|Any CPU
		{BD3905F5-FC94-4AD1-807F-E0A10EAF1EA1}.Debug|Any CPU.Build.0 = Debug|Any CPU
		{BD3905F5-FC94-4AD1-807F-E0A10EAF1EA1}.Debug|x64.ActiveCfg = Debug|Any CPU
		{BD3905F5-FC94-4AD1-807F-E0A10EAF1EA1}.Debug|x64.Build.0 = Debug|Any CPU
		{BD3905F5-FC94-4AD1-807F-E0A10EAF1EA1}.Debug|x86.ActiveCfg = Debug|Any CPU
		{BD3905F5-FC94-4AD1-807F-E0A10EAF1EA1}.Debug|x86.Build.0 = Debug|Any CPU
		{BD3905F5-FC94-4AD1-807F-E0A10EAF1EA1}.Release|Any CPU.ActiveCfg = Release|Any CPU
		{BD3905F5-FC94-4AD1-807F-E0A10EAF1EA1}.Release|Any CPU.Build.0 = Release|Any CPU
		{BD3905F5-FC94-4AD1-807F-E0A10EAF1EA1}.Release|x64.ActiveCfg = Release|Any CPU
		{BD3905F5-FC94-4AD1-807F-E0A10EAF1EA1}.Release|x64.Build.0 = Release|Any CPU
		{BD3905F5-FC94-4AD1-807F-E0A10EAF1EA1}.Release|x86.ActiveCfg = Release|Any CPU
		{BD3905F5-FC94-4AD1-807F-E0A10EAF1EA1}.Release|x86.Build.0 = Release|Any CPU
		{F297BFBE-EE0D-4BD2-A23F-03D3C278024D}.Debug|Any CPU.ActiveCfg = Debug|Any CPU
		{F297BFBE-EE0D-4BD2-A23F-03D3C278024D}.Debug|Any CPU.Build.0 = Debug|Any CPU
		{F297BFBE-EE0D-4BD2-A23F-03D3C278024D}.Debug|x64.ActiveCfg = Debug|Any CPU
		{F297BFBE-EE0D-4BD2-A23F-03D3C278024D}.Debug|x64.Build.0 = Debug|Any CPU
		{F297BFBE-EE0D-4BD2-A23F-03D3C278024D}.Debug|x86.ActiveCfg = Debug|Any CPU
		{F297BFBE-EE0D-4BD2-A23F-03D3C278024D}.Debug|x86.Build.0 = Debug|Any CPU
		{F297BFBE-EE0D-4BD2-A23F-03D3C278024D}.Release|Any CPU.ActiveCfg = Release|Any CPU
		{F297BFBE-EE0D-4BD2-A23F-03D3C278024D}.Release|Any CPU.Build.0 = Release|Any CPU
		{F297BFBE-EE0D-4BD2-A23F-03D3C278024D}.Release|x64.ActiveCfg = Release|Any CPU
		{F297BFBE-EE0D-4BD2-A23F-03D3C278024D}.Release|x64.Build.0 = Release|Any CPU
		{F297BFBE-EE0D-4BD2-A23F-03D3C278024D}.Release|x86.ActiveCfg = Release|Any CPU
		{F297BFBE-EE0D-4BD2-A23F-03D3C278024D}.Release|x86.Build.0 = Release|Any CPU
	EndGlobalSection
	GlobalSection(SolutionProperties) = preSolution
		HideSolutionNode = FALSE
	EndGlobalSection
	GlobalSection(ExtensibilityGlobals) = postSolution
		SolutionGuid = {3914D2C5-3BE6-4565-ACAF-C3B3EE3E3255}
	EndGlobalSection
EndGlobal
